{"1.2.0",
[{<<"b64fast">>,{pkg,<<"b64fast">>,<<"0.2.3">>},0},
 {<<"erliam">>,{pkg,<<"erliam">>,<<"1.0.0">>},0},
 {<<"jiffy">>,{pkg,<<"jiffy">>,<<"1.1.1">>},0},
 {<<"lhttpc">>,{pkg,<<"nextroll_lhttpc">>,<<"1.3.2">>},0}]}.
[
{pkg_hash,[
 {<<"b64fast">>, <<"07649CF971A0ED088DEFC4F75767A52E08C468CC1D448693F4FB3051092AB987">>},
 {<<"erliam">>, <<"55FD69959349080CA44728B34076A004FCAFB8064B7600DD17473B7D33F03415">>},
 {<<"jiffy">>, <<"ACA10F47AA91697BF24AB9582C74E00E8E95474C7EF9F76D4F1A338D0F5DE21B">>},
 {<<"lhttpc">>, <<"5938A05EF0B2F1044A33D28ED767B2EE15BD4271B78916B31ACF0FEF1C1ED381">>}]},
{pkg_hash_ext,[
 {<<"b64fast">>, <<"DE874B5302D607840B787E93785628035FF55334EBCFAFB6413B735983913D23">>},
 {<<"erliam">>, <<"88B039BC7200538A471E747DE720C0CD9839B19A8CC25DFCECB0384346ACF1A1">>},
 {<<"jiffy">>, <<"62E1F0581C3C19C33A725C781DFA88410D8BFF1BBAFC3885A2552286B4785C4C">>},
 {<<"lhttpc">>, <<"09C44FE9F2C70BA014BA687406AA9F4B094CA425C65B7DF51AD6D511A6F5C545">>}]}
].
